
Microsoft Visual Studio Solution File, Format Version 12.00
# Visual Studio Version 16
VisualStudioVersion = 16.0.29215.179
MinimumVisualStudioVersion = 10.0.40219.1
Project("{FAE04EC0-301F-11D3-BF4B-00C04F79EFBC}") = "ArchivadoRemoto.Service", "ArchivadoRemoto.Service.csproj", "{4D2C1314-08F5-451B-A690-F05BEB985B13}"
EndProject
Global
	GlobalSection(SolutionConfigurationPlatforms) = preSolution
		Debug|Any CPU = Debug|Any CPU
		Release|Any CPU = Release|Any CPU
	EndGlobalSection
	GlobalSection(ProjectConfigurationPlatforms) = postSolution
		{4D2C1314-08F5-451B-A690-F05BEB985B13}.Debug|Any CPU.ActiveCfg = Debug|Any CPU
		{4D2C1314-08F5-451B-A690-F05BEB985B13}.Debug|Any CPU.Build.0 = Debug|Any CPU
		{4D2C1314-08F5-451B-A690-F05BEB985B13}.Release|Any CPU.ActiveCfg = Release|Any CPU
		{4D2C1314-08F5-451B-A690-F05BEB985B13}.Release|Any CPU.Build.0 = Release|Any CPU
	EndGlobalSection
	GlobalSection(SolutionProperties) = preSolution
		HideSolutionNode = FALSE
	EndGlobalSection
	GlobalSection(ExtensibilityGlobals) = postSolution
		SolutionGuid = {CEAA95E3-9FBF-4790-9B60-5B62A287F687}
	EndGlobalSection
EndGlobal
